{
  "version": 4,
  "terraform_version": "1.5.1",
  "serial": 3,
  "lineage": "42a2895c-7363-593d-90fe-e8db035b9d17",
  "outputs": {
    "location": {
      "value": "centralus",
      "type": "string"
    },
    "resource_group_id": {
      "value": "/subscriptions/a2ae11d7-5c75-43e8-8199-defb522f2848/resourceGroups/terraform-aks",
      "type": "string"
    },
    "resource_group_name": {
      "value": "terraform-aks",
      "type": "string"
    }
  },
  "resources": [
    {
      "mode": "managed",
      "type": "azurerm_resource_group",
      "name": "aks_rg",
      "provider": "provider[\"registry.terraform.io/hashicorp/azurerm\"]",
      "instances": [
        {
          "schema_version": 0,
          "attributes": {
            "id": "/subscriptions/a2ae11d7-5c75-43e8-8199-defb522f2848/resourceGroups/terraform-aks",
            "location": "centralus",
            "name": "terraform-aks",
            "tags": null,
            "timeouts": null
          },
          "sensitive_attributes": [],
          "private": "eyJlMmJmYjczMC1lY2FhLTExZTYtOGY4OC0zNDM2M2JjN2M0YzAiOnsiY3JlYXRlIjo1NDAwMDAwMDAwMDAwLCJkZWxldGUiOjU0MDAwMDAwMDAwMDAsInJlYWQiOjMwMDAwMDAwMDAwMCwidXBkYXRlIjo1NDAwMDAwMDAwMDAwfX0="
        }
      ]
    },
    {
      "mode": "managed",
      "type": "random_pet",
      "name": "random",
      "provider": "provider[\"registry.terraform.io/hashicorp/random\"]",
      "instances": [
        {
          "schema_version": 0,
          "attributes": {
            "id": "real-kid",
            "keepers": null,
            "length": 2,
            "prefix": null,
            "separator": "-"
          },
          "sensitive_attributes": []
        }
      ]
    }
  ],
  "check_results": null
}
